// !$*UTF8*$!
{
	archiveVersion = 1;
	classes = {
	};
	objectVersion = 46;
	objects = {

/* Begin PBXBuildFile section */
		3F41EF251E88731300DF123D /* AppDelegate.swift in Sources */ = {isa = PBXBuildFile; fileRef = 3F41EF241E88731300DF123D /* AppDelegate.swift */; };
		3F41EF271E88731300DF123D /* ViewController.swift in Sources */ = {isa = PBXBuildFile; fileRef = 3F41EF261E88731300DF123D /* ViewController.swift */; };
		3F41EF2A1E88731300DF123D /* Main.storyboard in Resources */ = {isa = PBXBuildFile; fileRef = 3F41EF281E88731300DF123D /* Main.storyboard */; };
		3F41EF2C1E88731300DF123D /* Assets.xcassets in Resources */ = {isa = PBXBuildFile; fileRef = 3F41EF2B1E88731300DF123D /* Assets.xcassets */; };
		3F41EF2F1E88731300DF123D /* LaunchScreen.storyboard in Resources */ = {isa = PBXBuildFile; fileRef = 3F41EF2D1E88731300DF123D /* LaunchScreen.storyboard */; };
/* End PBXBuildFile section */

/* Begin PBXFileReference section */
		3F41EF211E88731300DF123D /* Unify3dCodeChallenge.app */ = {isa = PBXFileReference; explicitFileType = wrapper.application; includeInIndex = 0; path = Unify3dCodeChallenge.app; sourceTree = BUILT_PRODUCTS_DIR; };
		3F41EF241E88731300DF123D /* AppDelegate.swift */ = {isa = PBXFileReference; lastKnownFileType = sourcecode.swift; path = AppDelegate.swift; sourceTree = "<group>"; };
		3F41EF261E88731300DF123D /* ViewController.swift */ = {isa = PBXFileReference; lastKnownFileType = sourcecode.swift; path = ViewController.swift; sourceTree = "<group>"; };
		3F41EF291E88731300DF123D /* Base */ = {isa = PBXFileReference; lastKnownFileType = file.storyboard; name = Base; path = Base.lproj/Main.storyboard; sourceTree = "<group>"; };
		3F41EF2B1E88731300DF123D /* Assets.xcassets */ = {isa = PBXFileReference; lastKnownFileType = folder.assetcatalog; path = Assets.xcassets; sourceTree = "<group>"; };
		3F41EF2E1E88731300DF123D /* Base */ = {isa = PBXFileReference; lastKnownFileType = file.storyboard; name = Base; path = Base.lproj/LaunchScreen.storyboard; sourceTree = "<group>"; };
		3F41EF301E88731300DF123D /* Info.plist */ = {isa = PBXFileReference; lastKnownFileType = text.plist.xml; path = Info.plist; sourceTree = "<group>"; };
/* End PBXFileReference section */

/* Begin PBXFrameworksBuildPhase section */
		3F41EF1E1E88731300DF123D /* Frameworks */ = {
			isa = PBXFrameworksBuildPhase;
			buildActionMask = 2147483647;
			files = (
			);
			runOnlyForDeploymentPostprocessing = 0;
		};
/* End PBXFrameworksBuildPhase section */

/* Begin PBXGroup section */
		3F41EF181E88731300DF123D = {
			isa = PBXGroup;
			children = (
				3F41EF231E88731300DF123D /* Unify3dCodeChallenge */,
				3F41EF221E88731300DF123D /* Products */,
			);
			sourceTree = "<group>";
		};
		3F41EF221E88731300DF123D /* Products */ = {
			isa = PBXGroup;
			children = (
				3F41EF211E88731300DF123D /* Unify3dCodeChallenge.app */,
			);
			name = Products;
			sourceTree = "<group>";
		};
		3F41EF231E88731300DF123D /* Unify3dCodeChallenge */ = {
			isa = PBXGroup;
			children = (
				3F41EF241E88731300DF123D /* AppDelegate.swift */,
				3F41EF261E88731300DF123D /* ViewController.swift */,
				3F41EF281E88731300DF123D /* Main.storyboard */,
				3F41EF2B1E88731300DF123D /* Assets.xcassets */,
				3F41EF2D1E88731300DF123D /* LaunchScreen.storyboard */,
				3F41EF301E88731300DF123D /* Info.plist */,
			);
			path = Unify3dCodeChallenge;
			sourceTree = "<group>";
		};
/* End PBXGroup section */

/* Begin PBXNativeTarget section */
		3F41EF201E88731300DF123D /* Unify3dCodeChallenge */ = {
			isa = PBXNativeTarget;
			buildConfigurationList = 3F41EF331E88731300DF123D /* Build configuration list for PBXNativeTarget "Unify3dCodeChallenge" */;
			buildPhases = (
				3F41EF1D1E88731300DF123D /* Sources */,
				3F41EF1E1E88731300DF123D /* Frameworks */,
				3F41EF1F1E88731300DF123D /* Resources */,
			);
			buildRules = (
			);
			dependencies = (
			);
			name = Unify3dCodeChallenge;
			productName = Unify3dCodeChallenge;
			productReference = 3F41EF211E88731300DF123D /* Unify3dCodeChallenge.app */;
			productType = "com.apple.product-type.application";
		};
/* End PBXNativeTarget section */

/* Begin PBXProject section */
		3F41EF191E88731300DF123D /* Project object */ = {
			isa = PBXProject;
			attributes = {
				LastSwiftUpdateCheck = 0820;
				LastUpgradeCheck = 0820;
				ORGANIZATIONNAME = "Forrest Zhao";
				TargetAttributes = {
					3F41EF201E88731300DF123D = {
						CreatedOnToolsVersion = 8.2.1;
						DevelopmentTeam = H2562XJSGY;
						ProvisioningStyle = Automatic;
					};
				};
			};
			buildConfigurationList = 3F41EF1C1E88731300DF123D /* Build configuration list for PBXProject "Unify3dCodeChallenge" */;
			compatibilityVersion = "Xcode 3.2";
			developmentRegion = English;
			hasScannedForEncodings = 0;
			knownRegions = (
				en,
				Base,
			);
			mainGroup = 3F41EF181E88731300DF123D;
			productRefGroup = 3F41EF221E88731300DF123D /* Products */;
			projectDirPath = "";
			projectRoot = "";
			targets = (
				3F41EF201E88731300DF123D /* Unify3dCodeChallenge */,
			);
		};
/* End PBXProject section */

/* Begin PBXResourcesBuildPhase section */
		3F41EF1F1E88731300DF123D /* Resources */ = {
			isa = PBXResourcesBuildPhase;
			buildActionMask = 2147483647;
			files = (
				3F41EF2F1E88731300DF123D /* LaunchScreen.storyboard in Resources */,
				3F41EF2C1E88731300DF123D /* Assets.xcassets in Resources */,
				3F41EF2A1E88731300DF123D /* Main.storyboard in Resources */,
			);
			runOnlyForDeploymentPostprocessing = 0;
		};
/* End PBXResourcesBuildPhase section */

/* Begin PBXSourcesBuildPhase section */
		3F41EF1D1E88731300DF123D /* Sources */ = {
			isa = PBXSourcesBuildPhase;
			buildActionMask = 2147483647;
			files = (
				3F41EF271E88731300DF123D /* ViewController.swift in Sources */,
				3F41EF251E88731300DF123D /* AppDelegate.swift in Sources */,
			);
			runOnlyForDeploymentPostprocessing = 0;
		};
/* End PBXSourcesBuildPhase section */

/* Begin PBXVariantGroup section */
		3F41EF281E88731300DF123D /* Main.storyboard */ = {
			isa = PBXVariantGroup;
			children = (
				3F41EF291E88731300DF123D /* Base */,
			);
			name = Main.storyboard;
			sourceTree = "<group>";
		};
		3F41EF2D1E88731300DF123D /* LaunchScreen.storyboard */ = {
			isa = PBXVariantGroup;
			children = (
				3F41EF2E1E88731300DF123D /* Base */,
			);
			name = LaunchScreen.storyboard;
			sourceTree = "<group>";
		};
/* End PBXVariantGroup section */

/* Begin XCBuildConfiguration section */
		3F41EF311E88731300DF123D /* Debug */ = {
			isa = XCBuildConfiguration;
			buildSettings = {
				ALWAYS_SEARCH_USER_PATHS = NO;
				CLANG_ANALYZER_NONNULL = YES;
				CLANG_CXX_LANGUAGE_STANDARD = "gnu++0x";
				CLANG_CXX_LIBRARY = "libc++";
				CLANG_ENABLE_MODULES = YES;
				CLANG_ENABLE_OBJC_ARC = YES;
				CLANG_WARN_BOOL_CONVERSION = YES;
				CLANG_WARN_CONSTANT_CONVERSION = YES;
				CLANG_WARN_DIRECT_OBJC_ISA_USAGE = YES_ERROR;
				CLANG_WARN_DOCUMENTATION_COMMENTS = YES;
				CLANG_WARN_EMPTY_BODY = YES;
				CLANG_WARN_ENUM_CONVERSION = YES;
				CLANG_WARN_INFINITE_RECURSION = YES;
				CLANG_WARN_INT_CONVERSION = YES;
				CLANG_WARN_OBJC_ROOT_CLASS = YES_ERROR;
				CLANG_WARN_SUSPICIOUS_MOVE = YES;
				CLANG_WARN_UNREACHABLE_CODE = YES;
				CLANG_WARN__DUPLICATE_METHOD_MATCH = YES;
				"CODE_SIGN_IDENTITY[sdk=iphoneos*]" = "iPhone Developer";
				COPY_PHASE_STRIP = NO;
				DEBUG_INFORMATION_FORMAT = dwarf;
				ENABLE_STRICT_OBJC_MSGSEND = YES;
				ENABLE_TESTABILITY = YES;
				GCC_C_LANGUAGE_STANDARD = gnu99;
				GCC_DYNAMIC_NO_PIC = NO;
				GCC_NO_COMMON_BLOCKS = YES;
				GCC_OPTIMIZATION_LEVEL = 0;
				GCC_PREPROCESSOR_DEFINITIONS = (
					"DEBUG=1",
					"$(inherited)",
				);
				GCC_WARN_64_TO_32_BIT_CONVERSION = YES;
				GCC_WARN_ABOUT_RETURN_TYPE = YES_ERROR;
				GCC_WARN_UNDECLARED_SELECTOR = YES;
				GCC_WARN_UNINITIALIZED_AUTOS = YES_AGGRESSIVE;
				GCC_WARN_UNUSED_FUNCTION = YES;
				GCC_WARN_UNUSED_VARIABLE = YES;
				IPHONEOS_DEPLOYMENT_TARGET = 10.2;
				MTL_ENABLE_DEBUG_INFO = YES;
				ONLY_ACTIVE_ARCH = YES;
				SDKROOT = iphoneos;
				SWIFT_ACTIVE_COMPILATION_CONDITIONS = DEBUG;
				SWIFT_OPTIMIZATION_LEVEL = "-Onone";
				TARGETED_DEVICE_FAMILY = "1,2";
			};
			name = Debug;
		};
		3F41EF321E88731300DF123D /* Release */ = {
			isa = XCBuildConfiguration;
			buildSettings = {
				ALWAYS_SEARCH_USER_PATHS = NO;
				CLANG_ANALYZER_NONNULL = YES;
				CLANG_CXX_LANGUAGE_STANDARD = "gnu++0x";
				CLANG_CXX_LIBRARY = "libc++";
				CLANG_ENABLE_MODULES = YES;
				CLANG_ENABLE_OBJC_ARC = YES;
				CLANG_WARN_BOOL_CONVERSION = YES;
				CLANG_WARN_CONSTANT_CONVERSION = YES;
				CLANG_WARN_DIRECT_OBJC_ISA_USAGE = YES_ERROR;
				CLANG_WARN_DOCUMENTATION_COMMENTS = YES;
				CLANG_WARN_EMPTY_BODY = YES;
				CLANG_WARN_ENUM_CONVERSION = YES;
				CLANG_WARN_INFINITE_RECURSION = YES;
				CLANG_WARN_INT_CONVERSION = YES;
				CLANG_WARN_OBJC_ROOT_CLASS = YES_ERROR;
				CLANG_WARN_SUSPICIOUS_MOVE = YES;
				CLANG_WARN_UNREACHABLE_CODE = YES;
				CLANG_WARN__DUPLICATE_METHOD_MATCH = YES;
				"CODE_SIGN_IDENTITY[sdk=iphoneos*]" = "iPhone Developer";
				COPY_PHASE_STRIP = NO;
				DEBUG_INFORMATION_FORMAT = "dwarf-with-dsym";
				ENABLE_NS_ASSERTIONS = NO;
				ENABLE_STRICT_OBJC_MSGSEND = YES;
				GCC_C_LANGUAGE_STANDARD = gnu99;
				GCC_NO_COMMON_BLOCKS = YES;
				GCC_WARN_64_TO_32_BIT_CONVERSION = YES;
				GCC_WARN_ABOUT_RETURN_TYPE = YES_ERROR;
				GCC_WARN_UNDECLARED_SELECTOR = YES;
				GCC_WARN_UNINITIALIZED_AUTOS = YES_AGGRESSIVE;
				GCC_WARN_UNUSED_FUNCTION = YES;
				GCC_WARN_UNUSED_VARIABLE = YES;
				IPHONEOS_DEPLOYMENT_TARGET = 10.2;
				MTL_ENABLE_DEBUG_INFO = NO;
				SDKROOT = iphoneos;
				SWIFT_OPTIMIZATION_LEVEL = "-Owholemodule";
				TARGETED_DEVICE_FAMILY = "1,2";
				VALIDATE_PRODUCT = YES;
			};
			name = Release;
		};
		3F41EF341E88731300DF123D /* Debug */ = {
			isa = XCBuildConfiguration;
			buildSettings = {
				ASSETCATALOG_COMPILER_APPICON_NAME = AppIcon;
				DEVELOPMENT_TEAM = H2562XJSGY;
				INFOPLIST_FILE = Unify3dCodeChallenge/Info.plist;
				LD_RUNPATH_SEARCH_PATHS = "$(inherited) @executable_path/Frameworks";
				PRODUCT_BUNDLE_IDENTIFIER = com.ForrestApps.Unify3dCodeChallenge;
				PRODUCT_NAME = "$(TARGET_NAME)";
				SWIFT_VERSION = 3.0;
			};
			name = Debug;
		};
		3F41EF351E88731300DF123D /* Release */ = {
			isa = XCBuildConfiguration;
			buildSettings = {
				ASSETCATALOG_COMPILER_APPICON_NAME = AppIcon;
				DEVELOPMENT_TEAM = H2562XJSGY;
				INFOPLIST_FILE = Unify3dCodeChallenge/Info.plist;
				LD_RUNPATH_SEARCH_PATHS = "$(inherited) @executable_path/Frameworks";
				PRODUCT_BUNDLE_IDENTIFIER = com.ForrestApps.Unify3dCodeChallenge;
				PRODUCT_NAME = "$(TARGET_NAME)";
				SWIFT_VERSION = 3.0;
			};
			name = Release;
		};
/* End XCBuildConfiguration section */

/* Begin XCConfigurationList section */
		3F41EF1C1E88731300DF123D /* Build configuration list for PBXProject "Unify3dCodeChallenge" */ = {
			isa = XCConfigurationList;
			buildConfigurations = (
				3F41EF311E88731300DF123D /* Debug */,
				3F41EF321E88731300DF123D /* Release */,
			);
			defaultConfigurationIsVisible = 0;
			defaultConfigurationName = Release;
		};
		3F41EF331E88731300DF123D /* Build configuration list for PBXNativeTarget "Unify3dCodeChallenge" */ = {
			isa = XCConfigurationList;
			buildConfigurations = (
				3F41EF341E88731300DF123D /* Debug */,
				3F41EF351E88731300DF123D /* Release */,
			);
			defaultConfigurationIsVisible = 0;
		};
/* End XCConfigurationList section */
	};
	rootObject = 3F41EF191E88731300DF123D /* Project object */;
}
